
Microsoft Visual Studio Solution File, Format Version 12.00
# Visual Studio 15
VisualStudioVersion = 15.0.27004.2009
MinimumVisualStudioVersion = 10.0.40219.1
Project("{FAE04EC0-301F-11D3-BF4B-00C04F79EFBC}") = "Text_recognize", "Text_recognize\Text_recognize.csproj", "{75044423-5B7F-4E8E-BF6A-385F7650A4D2}"
EndProject
Global
	GlobalSection(SolutionConfigurationPlatforms) = preSolution
		Debug|Any CPU = Debug|Any CPU
		Release|Any CPU = Release|Any CPU
	EndGlobalSection
	GlobalSection(ProjectConfigurationPlatforms) = postSolution
		{75044423-5B7F-4E8E-BF6A-385F7650A4D2}.Debug|Any CPU.ActiveCfg = Debug|Any CPU
		{75044423-5B7F-4E8E-BF6A-385F7650A4D2}.Debug|Any CPU.Build.0 = Debug|Any CPU
		{75044423-5B7F-4E8E-BF6A-385F7650A4D2}.Release|Any CPU.ActiveCfg = Release|Any CPU
		{75044423-5B7F-4E8E-BF6A-385F7650A4D2}.Release|Any CPU.Build.0 = Release|Any CPU
	EndGlobalSection
	GlobalSection(SolutionProperties) = preSolution
		HideSolutionNode = FALSE
	EndGlobalSection
	GlobalSection(ExtensibilityGlobals) = postSolution
		SolutionGuid = {6CB61ED7-2268-45FF-8D12-DD91A00757B8}
	EndGlobalSection
EndGlobal
